{
  "originHash" : "5ec8d70fc028cfc8df763f5b4f68d64d70fe0b427d1e1d87a0e320e199c436a8",
  "pins" : [
    {
      "identity" : "capacitor-swift-pm",
      "kind" : "remoteSourceControl",
      "location" : "https://github.com/ionic-team/capacitor-swift-pm.git",
      "state" : {
        "revision" : "0e862e6ff13852a710c8a484180ca4d6a2cc9761",
        "version" : "8.2.0"
      }
    }
  ],
  "version" : 3
}
